
Microsoft Visual Studio Solution File, Format Version 12.00
Project("{FAE04EC0-301F-11D3-BF4B-00C04F79EFBC}") = "TennesseeGameDays.API", "TennesseeGameDays.API\TennesseeGameDays.API.csproj", "{20C80ABF-FB99-4D69-8A22-42DB34C1E9CB}"
EndProject
Project("{2150E333-8FDC-42A3-9474-1A3956D46DE8}") = "Solution Items", "Solution Items", "{87419F6F-92DC-48F1-AEFC-E8DE4FAD057A}"
	ProjectSection(SolutionItems) = preProject
		docker-compose.yml = docker-compose.yml
	EndProjectSection
EndProject
Project("{FAE04EC0-301F-11D3-BF4B-00C04F79EFBC}") = "TennesseeGameDays.DB", "TennesseeGameDays.DB\TennesseeGameDays.DB.csproj", "{0A7516B7-93DF-49D5-84B8-530E622A47B6}"
EndProject
Global
	GlobalSection(SolutionConfigurationPlatforms) = preSolution
		Debug|Any CPU = Debug|Any CPU
		Release|Any CPU = Release|Any CPU
	EndGlobalSection
	GlobalSection(ProjectConfigurationPlatforms) = postSolution
		{20C80ABF-FB99-4D69-8A22-42DB34C1E9CB}.Debug|Any CPU.ActiveCfg = Debug|Any CPU
		{20C80ABF-FB99-4D69-8A22-42DB34C1E9CB}.Debug|Any CPU.Build.0 = Debug|Any CPU
		{20C80ABF-FB99-4D69-8A22-42DB34C1E9CB}.Release|Any CPU.ActiveCfg = Release|Any CPU
		{20C80ABF-FB99-4D69-8A22-42DB34C1E9CB}.Release|Any CPU.Build.0 = Release|Any CPU
		{0A7516B7-93DF-49D5-84B8-530E622A47B6}.Debug|Any CPU.ActiveCfg = Debug|Any CPU
		{0A7516B7-93DF-49D5-84B8-530E622A47B6}.Debug|Any CPU.Build.0 = Debug|Any CPU
		{0A7516B7-93DF-49D5-84B8-530E622A47B6}.Release|Any CPU.ActiveCfg = Release|Any CPU
		{0A7516B7-93DF-49D5-84B8-530E622A47B6}.Release|Any CPU.Build.0 = Release|Any CPU
	EndGlobalSection
EndGlobal
